
Microsoft Visual Studio Solution File, Format Version 12.00
# Visual Studio Version 16
VisualStudioVersion = 16.0.33920.266
MinimumVisualStudioVersion = 10.0.40219.1
Project("{FAE04EC0-301F-11D3-BF4B-00C04F79EFBC}") = "MvcMusicStore_LN201701", "MvcMusicStore_LN201701\MvcMusicStore_LN201701.csproj", "{B8DE192E-69D8-4E55-A7A1-A4C1AF7D9B58}"
EndProject
Global
	GlobalSection(SolutionConfigurationPlatforms) = preSolution
		Debug|Any CPU = Debug|Any CPU
		Release|Any CPU = Release|Any CPU
	EndGlobalSection
	GlobalSection(ProjectConfigurationPlatforms) = postSolution
		{B8DE192E-69D8-4E55-A7A1-A4C1AF7D9B58}.Debug|Any CPU.ActiveCfg = Debug|Any CPU
		{B8DE192E-69D8-4E55-A7A1-A4C1AF7D9B58}.Debug|Any CPU.Build.0 = Debug|Any CPU
		{B8DE192E-69D8-4E55-A7A1-A4C1AF7D9B58}.Release|Any CPU.ActiveCfg = Release|Any CPU
		{B8DE192E-69D8-4E55-A7A1-A4C1AF7D9B58}.Release|Any CPU.Build.0 = Release|Any CPU
	EndGlobalSection
	GlobalSection(SolutionProperties) = preSolution
		HideSolutionNode = FALSE
	EndGlobalSection
	GlobalSection(ExtensibilityGlobals) = postSolution
		SolutionGuid = {EAACDA58-9A7D-4FD2-8FB8-A2603EAB0B38}
	EndGlobalSection
EndGlobal
